version = 1
revision = 3
requires-python = "==3.13.*"

[[package]]
name = "annotated-types"
version = "0.8.0"
source = { registry = "https://pypi.org/simple" }
sdist = { url = "https://files.pythonhosted.org/packages/5f/56/a8120250d128bed162cd73c76d45f6ef9991f3e068f62a8ee060afa3104a/annotated_types-0.8.0.tar.gz", hash = "sha256:13b2beaad985e05e2d6407ee4c4f35590b11f8d693a258a561055cac8f64cab7", size = 15893, upload-time = "2026-07-23T20:16:13.995Z" }
wheels = [
    { url = "https://files.pythonhosted.org/packages/99/91/8acff4f5e50511b911bbccb72b8628a49c68ce14148cd9f6431094859a90/annotated_types-0.8.0-py3-none-any.whl", hash = "sha256:f072f4d804ea359e4eaf198b1af7a8b0943881a87f31bb764f8bf219bb9419e0", size = 13427, upload-time = "2026-07-23T20:16:12.938Z" },
]

[[package]]
name = "anyio"
version = "4.14.2"
source = { registry = "https://pypi.org/simple" }
dependencies = [
    { name = "idna" },
]
sdist = { url = "https://files.pythonhosted.org/packages/61/cc/a381afa6efea9f496eff839d4a6a1aed3bfafc7b3ab4b0d1b243a12573dd/anyio-4.14.2.tar.gz", hash = "sha256:cfa139f3ed1a23ee8f88a145ddb5ac7605b8bbfd8592baacd7ce3d8bb4313c7f", size = 260176, upload-time = "2026-07-12T20:29:07.082Z" }
wheels = [
    { url = "https://files.pythonhosted.org/packages/da/35/f2287558c17e29fafc8ef3daf819bb9834061cfa43bff8014f7df7f63bdc/anyio-4.14.2-py3-none-any.whl", hash = "sha256:9f505dda5ac9f0c8309b5e8bd445a8c2bf7246f3ce950121e45ea15bc41d1494", size = 125813, upload-time = "2026-07-12T20:29:05.763Z" },
]

[[package]]
name = "attrs"
version = "26.1.0"
source = { registry = "https://pypi.org/simple" }
sdist = { url = "https://files.pythonhosted.org/packages/9a/8e/82a0fe20a541c03148528be8cac2408564a6c9a0cc7e9171802bc1d26985/attrs-26.1.0.tar.gz", hash = "sha256:d03ceb89cb322a8fd706d4fb91940737b6642aa36998fe130a9bc96c985eff32", size = 952055, upload-time = "2026-03-19T14:22:25.026Z" }
wheels = [
    { url = "https://files.pythonhosted.org/packages/64/b4/17d4b0b2a2dc85a6df63d1157e028ed19f90d4cd97c36717afef2bc2f395/attrs-26.1.0-py3-none-any.whl", hash = "sha256:c647aa4a12dfbad9333ca4e71fe62ddc36f4e63b2d260a37a8b83d2f043ac309", size = 67548, upload-time = "2026-03-19T14:22:23.645Z" },
]

[[package]]
name = "certifi"
version = "2026.7.22"
source = { registry = "https://pypi.org/simple" }
sdist = { url = "https://files.pythonhosted.org/packages/a3/c2/24167ea9858356b47a87a50d39908bfdb72ceeefe0041586e704e5376b3a/certifi-2026.7.22.tar.gz", hash = "sha256:741e2c3b351ddf169a738da9f2c048608ff7f2c5cc02f1ebc6b118bb090d5d55", size = 138112, upload-time = "2026-07-22T03:35:12.644Z" }
wheels = [
    { url = "https://files.pythonhosted.org/packages/0b/a7/71ac2cff56fec219ed242bb11b8efb69fcc4bec75db06fb7bfe35de520e6/certifi-2026.7.22-py3-none-any.whl", hash = "sha256:62f22742b58a1a33014a2b6b706588a8d7e2a88ae7bd1a6ebe8c992928483775", size = 136983, upload-time = "2026-07-22T03:35:11.276Z" },
]

[[package]]
name = "colorzero"
version = "2.0"
source = { registry = "https://pypi.org/simple" }
dependencies = [
    { name = "setuptools" },
]
sdist = { url = "https://files.pythonhosted.org/packages/b3/ca/688824a06e8c4d04c7d2fd2af2d8da27bed51af20ee5f094154e1d680334/colorzero-2.0.tar.gz", hash = "sha256:e7d5a5c26cd0dc37b164ebefc609f388de24f8593b659191e12d85f8f9d5eb58", size = 25382, upload-time = "2021-03-15T23:42:23.261Z" }
wheels = [
    { url = "https://files.pythonhosted.org/packages/7e/a6/ddd0f130e44a7593ac6c55aa93f6e256d2270fd88e9d1b64ab7f22ab8fde/colorzero-2.0-py2.py3-none-any.whl", hash = "sha256:0e60d743a6b8071498a56465f7719c96a5e92928f858bab1be2a0d606c9aa0f8", size = 26573, upload-time = "2021-03-15T23:42:21.757Z" },
]

[[package]]
name = "cyclopts"
version = "4.23.3"
source = { registry = "https://pypi.org/simple" }
dependencies = [
    { name = "attrs" },
    { name = "docstring-parser" },
    { name = "rich" },
    { name = "rich-rst" },
]
sdist = { url = "https://files.pythonhosted.org/packages/ca/4e/4afd08d7dd836c436bbc5999f2743eda0ad4eac8946a8eb4b72241e3c555/cyclopts-4.23.3.tar.gz", hash = "sha256:4299ec47f5be853f9a114fcc534c84d42bbf19fefa303994597ecb7e5fd3082b", size = 197067, upload-time = "2026-08-26T18:16:35.688Z" }
wheels = [
    { url = "https://files.pythonhosted.org/packages/00/d0/247938ef46dd81ab293efcac06ac2fee922db5bede9039d059912081db51/cyclopts-4.23.3-py3-none-any.whl", hash = "sha256:b3a65872942afb08f3ab5ca3d65b0b3ecfc872c9ccbea9d6a74ec11aa8a0215e", size = 237180, upload-time = "2026-08-26T18:16:34.128Z" },
]

[[package]]
name = "docstring-parser"
version = "0.18.0"
source = { registry = "https://pypi.org/simple" }
sdist = { url = "https://files.pythonhosted.org/packages/e0/4d/f332313098c1de1b2d2ff91cf2674415cc7cddab2ca1b01ae29774bd5fdf/docstring_parser-0.18.0.tar.gz", hash = "sha256:292510982205c12b1248696f44959db3cdd1740237a968ea1e2e7a900eeb2015", size = 29341, upload-time = "2026-04-14T04:09:19.867Z" }
wheels = [
    { url = "https://files.pythonhosted.org/packages/a7/5f/ed01f9a3cdffbd5a008556fc7b2a08ddb1cc6ace7effa7340604b1d16699/docstring_parser-0.18.0-py3-none-any.whl", hash = "sha256:b3fcbed555c47d8479be0796ef7e19c2670d428d72e96da63f3a40122860374b", size = 22484, upload-time = "2026-04-14T04:09:18.638Z" },
]

[[package]]
name = "gpiod"
version = "2.5.0"
source = { registry = "https://pypi.org/simple" }
sdist = { url = "https://files.pythonhosted.org/packages/fc/c2/c7bc26965855f39ae3e1b09b404a1fdc3b172dac371012c316f5b9b6a314/gpiod-2.5.0.tar.gz", hash = "sha256:53ae5a1f14d6388c155b591ca0fc0cfa73b44d4f6d8d117e8a9e68f5902d187a", size = 75527, upload-time = "2026-06-17T07:46:25.985Z" }
wheels = [
    { url = "https://files.pythonhosted.org/packages/46/6b/43f99cb8c3929463e2a75cc24516b20cb96f1aa8342ad77a42bdf838a45f/gpiod-2.5.0-cp313-cp313-manylinux2014_aarch64.manylinux_2_17_aarch64.manylinux_2_28_aarch64.whl", hash = "sha256:c6b51959d24461d55fbafc1a6d1accd0904bb1de76182f7479b2bc473d86cfc8", size = 115036, upload-time = "2026-06-17T07:46:11.455Z" },
    { url = "https://files.pythonhosted.org/packages/75/3b/78f62278cae19ad43b4df89ba534d470d3c05a6852c0352c604ac0169cef/gpiod-2.5.0-cp313-cp313-manylinux2014_x86_64.manylinux_2_17_x86_64.manylinux_2_28_x86_64.whl", hash = "sha256:2122147b7946af80753ca25c23cf3a4dc8f0ef808f8c0bfdfacdfd523e8c385e", size = 114558, upload-time = "2026-06-17T07:46:12.581Z" },
    { url = "https://files.pythonhosted.org/packages/c3/ef/455114c0fe94bee96272af68c1ab02d59ee934509cfe583876c116d9443f/gpiod-2.5.0-cp313-cp313-musllinux_1_2_aarch64.whl", hash = "sha256:4ddf72333749924f29d341d9c36ab09b6de4a31d7e6106fdfcd995ad07d8296b", size = 113450, upload-time = "2026-06-17T07:46:13.895Z" },
    { url = "https://files.pythonhosted.org/packages/a6/b2/0218a8253319216ccf40b7649af08acb709f0d27b0d11436f09c649ac54d/gpiod-2.5.0-cp313-cp313-musllinux_1_2_x86_64.whl", hash = "sha256:960a16c48471440eb72d8f0c45894936e14ad329a9347748a82811c0bdfff6f2", size = 113282, upload-time = "2026-06-17T07:46:15.392Z" },
]

[[package]]
name = "gpiodevice"
version = "0.1.0"
source = { registry = "https://pypi.org/simple" }
dependencies = [
    { name = "gpiod" },
]
sdist = { url = "https://files.pythonhosted.org/packages/8c/5a/919e85d28bd761a53bfaec4e54eac217b216895473993fd0ee249a1f1ccc/gpiodevice-0.1.0.tar.gz", hash = "sha256:823185e2230aba7a015f00b9f8045840f8f9253d2d58c76950065f446eb417b2", size = 19303, upload-time = "2026-08-25T14:24:30.374Z" }
wheels = [
    { url = "https://files.pythonhosted.org/packages/6e/b0/18437d9b784086b70ff9503c18e8b51d6905d382f3c695f9b3c70f85e91d/gpiodevice-0.1.0-py3-none-any.whl", hash = "sha256:4d1716ebed3068dd233e9851612773cbdf7a194289b8ea0aaf712f2fe90b1adb", size = 12705, upload-time = "2026-08-25T14:24:29.26Z" },
]

[[package]]
name = "gpiozero"
version = "2.0.1.post3"
source = { registry = "https://pypi.org/simple" }
dependencies = [
    { name = "colorzero" },
]
sdist = { url = "https://files.pythonhosted.org/packages/67/63/864a3c36842cf7b05808aadf906763a024a1b13f2a4c8144e3163de91255/gpiozero-2.0.1.post3.tar.gz", hash = "sha256:745feab6df463ac2e9de10c67e2dd9f396e668ba4e281e92381d6c460100a8f7", size = 168403, upload-time = "2026-07-27T10:03:32.628Z" }
wheels = [
    { url = "https://files.pythonhosted.org/packages/45/cb/ec5917b454b2e82874769a348dc74cfcec5b447bf1061c827edea9702451/gpiozero-2.0.1.post3-py3-none-any.whl", hash = "sha256:d491734803a9bc6036602e6b8bbd73fb25c33da88de0fcd11a40e890b8bc2d3b", size = 151465, upload-time = "2026-07-27T10:03:31.195Z" },
]

[[package]]
name = "h11"
version = "0.16.0"
source = { registry = "https://pypi.org/simple" }
sdist = { url = "https://files.pythonhosted.org/packages/01/ee/02a2c011bdab74c6fb3c75474d40b3052059d95df7e73351460c8588d963/h11-0.16.0.tar.gz", hash = "sha256:4e35b956cf45792e4caa5885e69fba00bdbc6ffafbfa020300e549b208ee5ff1", size = 101250, upload-time = "2025-04-24T03:35:25.427Z" }
wheels = [
    { url = "https://files.pythonhosted.org/packages/04/4b/29cac41a4d98d144bf5f6d33995617b185d14b22401f75ca86f384e87ff1/h11-0.16.0-py3-none-any.whl", hash = "sha256:63cf8bbe7522de3bf65932fda1d9c2772064ffb3dae62d55932da54b31cb6c86", size = 37515, upload-time = "2025-04-24T03:35:24.344Z" },
]

[[package]]
name = "httpcore"
version = "1.0.9"
source = { registry = "https://pypi.org/simple" }
dependencies = [
    { name = "certifi" },
    { name = "h11" },
]
sdist = { url = "https://files.pythonhosted.org/packages/06/94/82699a10bca87a5556c9c59b5963f2d039dbd239f25bc2a63907a05a14cb/httpcore-1.0.9.tar.gz", hash = "sha256:6e34463af53fd2ab5d807f399a9b45ea31c3dfa2276f15a2c3f00afff6e176e8", size = 85484, upload-time = "2025-04-24T22:06:22.219Z" }
wheels = [
    { url = "https://files.pythonhosted.org/packages/7e/f5/f66802a942d491edb555dd61e3a9961140fd64c90bce1eafd741609d334d/httpcore-1.0.9-py3-none-any.whl", hash = "sha256:2d400746a40668fc9dec9810239072b40b4484b640a8c38fd654a024c7a1bf55", size = 78784, upload-time = "2025-04-24T22:06:20.566Z" },
]

[[package]]
name = "httpx"
version = "0.28.1"
source = { registry = "https://pypi.org/simple" }
dependencies = [
    { name = "anyio" },
    { name = "certifi" },
    { name = "httpcore" },
    { name = "idna" },
]
sdist = { url = "https://files.pythonhosted.org/packages/b1/df/48c586a5fe32a0f01324ee087459e112ebb7224f646c0b5023f5e79e9956/httpx-0.28.1.tar.gz", hash = "sha256:75e98c5f16b0f35b567856f597f06ff2270a374470a5c2392242528e3e3e42fc", size = 141406, upload-time = "2024-12-06T15:37:23.222Z" }
wheels = [
    { url = "https://files.pythonhosted.org/packages/2a/39/e50c7c3a983047577ee07d2a9e53faf5a69493943ec3f6a384bdc792deb2/httpx-0.28.1-py3-none-any.whl", hash = "sha256:d909fcccc110f8c7faf814ca82a9a4d816bc5a6dbfea25d6591d6985b8ba59ad", size = 73517, upload-time = "2024-12-06T15:37:21.509Z" },
]

[[package]]
name = "idna"
version = "3.19"
source = { registry = "https://pypi.org/simple" }
sdist = { url = "https://files.pythonhosted.org/packages/5f/f7/abb373e5757eaec4b922b92f97ec8d6d7e057cf06778247604fbc4e7c3f3/idna-3.19.tar.gz", hash = "sha256:5e0811a4383b21dc5838069f801c4fb62113b7447663d2530d2bd6e77b49bf15", size = 215237, upload-time = "2026-08-18T05:14:24.27Z" }
wheels = [
    { url = "https://files.pythonhosted.org/packages/57/b0/0e52c878c53f245edd3a11020f20979b3f490f245af532c7cae3027754b5/idna-3.19-py3-none-any.whl", hash = "sha256:815e7be7a7806d54abb586dc943addc79e8b2ee16915059658cbeff4b1b43bf4", size = 68550, upload-time = "2026-08-18T05:14:22.343Z" },
]

[[package]]
name = "markdown-it-py"
version = "4.2.0"
source = { registry = "https://pypi.org/simple" }
dependencies = [
    { name = "mdurl" },
]
sdist = { url = "https://files.pythonhosted.org/packages/06/ff/7841249c247aa650a76b9ee4bbaeae59370dc8bfd2f6c01f3630c35eb134/markdown_it_py-4.2.0.tar.gz", hash = "sha256:04a21681d6fbb623de53f6f364d352309d4094dd4194040a10fd51833e418d49", size = 82454, upload-time = "2026-05-07T12:08:28.36Z" }
wheels = [
    { url = "https://files.pythonhosted.org/packages/b3/81/4da04ced5a082363ecfa159c010d200ecbd959ae410c10c0264a38cac0f5/markdown_it_py-4.2.0-py3-none-any.whl", hash = "sha256:9f7ebbcd14fe59494226453aed97c1070d83f8d24b6fc3a3bcf9a38092641c4a", size = 91687, upload-time = "2026-05-07T12:08:27.182Z" },
]

[[package]]
name = "mdurl"
version = "0.1.2"
source = { registry = "https://pypi.org/simple" }
sdist = { url = "https://files.pythonhosted.org/packages/d6/54/cfe61301667036ec958cb99bd3efefba235e65cdeb9c84d24a8293ba1d90/mdurl-0.1.2.tar.gz", hash = "sha256:bb413d29f5eea38f31dd4754dd7377d4465116fb207585f97bf925588687c1ba", size = 8729, upload-time = "2022-08-14T12:40:10.846Z" }
wheels = [
    { url = "https://files.pythonhosted.org/packages/b3/38/89ba8ad64ae25be8de66a6d463314cf1eb366222074cfda9ee839c56a4b4/mdurl-0.1.2-py3-none-any.whl", hash = "sha256:84008a41e51615a49fc9966191ff91509e3c40b939176e643fd50a5c2196b8f8", size = 9979, upload-time = "2022-08-14T12:40:09.779Z" },
]

[[package]]
name = "mopidy"
version = "4.0.2"
source = { registry = "https://pypi.org/simple" }
dependencies = [
    { name = "cyclopts" },
    { name = "httpx" },
    { name = "platformdirs" },
    { name = "pydantic" },
    { name = "pygobject" },
    { name = "pykka" },
    { name = "rich" },
    { name = "tornado" },
]
sdist = { url = "https://files.pythonhosted.org/packages/0a/97/d529582bc4d76b3c5f2e7c90bf51caeb3a06d9bfea8ba8edb7c579900f1c/mopidy-4.0.2.tar.gz", hash = "sha256:c1939ab2974e7a3bbf923cc8d7b6b423e6ed6c88d72abe71ed3cdfe4dade2f2d", size = 520721, upload-time = "2026-08-19T20:48:50.562Z" }
wheels = [
    { url = "https://files.pythonhosted.org/packages/10/19/ac004cd68547292c30129757ff56c0417dbff9774be5d10d55448da9ab14/mopidy-4.0.2-py3-none-any.whl", hash = "sha256:3228ce18b1f0fc853793cd82d471b0897d796e80e5febfc16d7ea5c812b72dce", size = 142523, upload-time = "2026-08-19T20:48:48.715Z" },
]

[[package]]
name = "mopidy-local"
version = "4.0.1"
source = { registry = "https://pypi.org/simple" }
dependencies = [
    { name = "mopidy" },
    { name = "pykka" },
    { name = "uritools" },
]
sdist = { url = "https://files.pythonhosted.org/packages/6f/09/7fb58d8dda7701b22438b09538054fed31f4ca7d9a1db6280d87660f44fd/mopidy_local-4.0.1.tar.gz", hash = "sha256:0becc68bcd637f39a8e89f62cda489feb76354279065c3673d1fbf6a0beb5708", size = 47009, upload-time = "2026-08-19T20:53:52.808Z" }
wheels = [
    { url = "https://files.pythonhosted.org/packages/f8/52/0690e5a7b4fbb041e565175b5d031161e2c552ac459d22e33a12a0ac15c7/mopidy_local-4.0.1-py3-none-any.whl", hash = "sha256:9ad98e09f681966b19291a3430dbc6af50f58077b375e7c604ebb717c3c4dcb4", size = 34028, upload-time = "2026-08-19T20:53:51.547Z" },
]

[[package]]
name = "mopidy-mpd"
version = "4.0.1"
source = { registry = "https://pypi.org/simple" }
dependencies = [
    { name = "mopidy" },
    { name = "pygobject" },
    { name = "pykka" },
]
sdist = { url = "https://files.pythonhosted.org/packages/f5/64/45475aea10f31e4bc4f71cbd82206ed6ec124a0b71857adfa96454550764/mopidy_mpd-4.0.1.tar.gz", hash = "sha256:89630424725139e537614fa89655a278019058e218488f9115641bdc0184dcdc", size = 84629, upload-time = "2026-08-17T21:56:38.265Z" }
wheels = [
    { url = "https://files.pythonhosted.org/packages/0d/ca/8e9a7a8bee0b8f6a0eaee2018b74ab66df316a49f9cd7e89c5270f2bf180/mopidy_mpd-4.0.1-py3-none-any.whl", hash = "sha256:5cfcb2df4834ed8a6c11c4849befb938079578639f9e22437bc23681794e5c2e", size = 56791, upload-time = "2026-08-17T21:56:36.92Z" },
]

[[package]]
name = "mopidy-raspberry-gpio"
version = "1.0.4"
source = { registry = "https://pypi.org/simple" }
dependencies = [
    { name = "mopidy" },
    { name = "pykka" },
    { name = "setuptools" },
]
sdist = { url = "https://files.pythonhosted.org/packages/16/3e/4a703ff641124c6287e1114fba2b9b98f41278d6b54f448d8f2e2dcd25cf/mopidy-raspberry-gpio-1.0.4.tar.gz", hash = "sha256:313b4e2b037d5101f618615e1cc7bb3ae9a7e8aa17d906bfb015876de2d0c6fd", size = 14963, upload-time = "2021-11-16T16:23:08.754Z" }
wheels = [
    { url = "https://files.pythonhosted.org/packages/3c/f9/da4bf7b62532a5ce43ad7831971e2dc6f2a399ab35d623ef0c5137c34828/mopidy_raspberry_gpio-1.0.4-py3-none-any.whl", hash = "sha256:0966eecc5c9e63ccfd073781cc25451ca89da501f7d79435588f400a575e9739", size = 10691, upload-time = "2021-11-16T16:23:06.913Z" },
]

[[package]]
name = "mp3"
version = "0.1.0"
source = { virtual = "." }
dependencies = [
    { name = "gpiozero" },
    { name = "mopidy" },
    { name = "mopidy-local" },
    { name = "mopidy-mpd" },
    { name = "mopidy-raspberry-gpio" },
    { name = "python-mpd2" },
    { name = "rclone-python" },
    { name = "rich" },
    { name = "st7789" },
]

[package.metadata]
requires-dist = [
    { name = "gpiozero" },
    { name = "mopidy", specifier = ">=4.0.2,<5.0.0" },
    { name = "mopidy-local", specifier = ">=4.0.1,<5.0.0" },
    { name = "mopidy-mpd", specifier = ">=4.0.1" },
    { name = "mopidy-raspberry-gpio", specifier = ">=1.0.4,<2.0.0" },
    { name = "python-mpd2", specifier = ">=3.1.1,<4.0.0" },
    { name = "rclone-python", specifier = ">=0.1.25" },
    { name = "rich", specifier = ">=15.0.0" },
    { name = "st7789", specifier = ">=1.0.1,<2.0.0" },
]

[[package]]
name = "numpy"
version = "2.5.2"
source = { registry = "https://pypi.org/simple" }
sdist = { url = "https://files.pythonhosted.org/packages/9a/80/db0b4559e57ec36362bedbb05530a87fafbcb6067708c946967a41d449e7/numpy-2.5.2.tar.gz", hash = "sha256:d482d171c406ae88c5b19cad3b6a1c4c5209f886ab74bc44c2c865c23f52d860", size = 20773161, upload-time = "2026-08-09T13:48:27.962Z" }
wheels = [
    { url = "https://files.pythonhosted.org/packages/f5/d2/6b24738a0ef4557d189b150046cd07823c50e4273e8aebd651222e24306f/numpy-2.5.2-cp313-cp313-macosx_10_13_x86_64.whl", hash = "sha256:8e4cb9a754c8a0c62eaa88273a5fba3391f4a610d1dee893c0755da31c083f15", size = 16886595, upload-time = "2026-08-09T13:45:27.323Z" },
    { url = "https://files.pythonhosted.org/packages/65/60/f2d208d366f263f39c6e69ed309290717aab41078b6d04c9be2a84fa2a07/numpy-2.5.2-cp313-cp313-macosx_11_0_arm64.whl", hash = "sha256:52c808f96484f5571a5cc863775ce50247c17dfb3b0361f8ed6b4b0456f80080", size = 11896845, upload-time = "2026-08-09T13:45:31.638Z" },
    { url = "https://files.pythonhosted.org/packages/3c/79/81e0bf24f4d020a2b1d5cd297a9f60c3f24eeb116f9bba5870443f7b6a4a/numpy-2.5.2-cp313-cp313-macosx_14_0_arm64.whl", hash = "sha256:29d81e97f668489cba8ebfd796b9bdd453525d35dd9e162e2daec94bf3fc7740", size = 5343880, upload-time = "2026-08-09T13:45:34.373Z" },
    { url = "https://files.pythonhosted.org/packages/ba/cc/e3141cf06d1a8a2c7e107543fe1269c1d1af760d4d683c0794a4ee1127c2/numpy-2.5.2-cp313-cp313-macosx_14_0_x86_64.whl", hash = "sha256:afb3f0632d6b2e3ba04dbce8d1e48d321b369138b73830b5ca371a0e8d479d56", size = 6682264, upload-time = "2026-08-09T13:45:36.7Z" },
    { url = "https://files.pythonhosted.org/packages/29/f1/2a64a307d92c5d98f5255a4014eb43bb6103ee477087b61ecae44a3aa9b9/numpy-2.5.2-cp313-cp313-manylinux_2_27_aarch64.manylinux_2_28_aarch64.whl", hash = "sha256:0aadf13b60048d501e05fa699efaf7734e2494f3498a4c2a5521d822640324f3", size = 15609566, upload-time = "2026-08-09T13:45:39.518Z" },
    { url = "https://files.pythonhosted.org/packages/7b/44/59a1eb68e773c4098d107ef34a0dbdeca501d72ffcfbff9a7707343921ce/numpy-2.5.2-cp313-cp313-manylinux_2_27_x86_64.manylinux_2_28_x86_64.whl", hash = "sha256:29b86ff8a6cc556b47ec6b64b194815cc80e6bf5eedcc6cddfd65318cb0b4eee", size = 16709995, upload-time = "2026-08-09T13:45:43.661Z" },
    { url = "https://files.pythonhosted.org/packages/8a/4c/3e54d4ddbc359a1295f8b633e8106bcd4d7d4a206e82df051bdfb3058755/numpy-2.5.2-cp313-cp313-musllinux_1_2_aarch64.whl", hash = "sha256:6950c4b7dd562453090548ba7f5da7e59f57f85663f15d5dcc60e249192f7e59", size = 16972511, upload-time = "2026-08-09T13:45:47.094Z" },
    { url = "https://files.pythonhosted.org/packages/f2/9f/02e371638ebf19b66d46231e4be52999e87f32d1961b113bc45656608b22/numpy-2.5.2-cp313-cp313-musllinux_1_2_x86_64.whl", hash = "sha256:b9727f472d2f3888053b8a75ab0cb94745a9de224bb5846dbadc0092101bc71d", size = 18465609, upload-time = "2026-08-09T13:45:50.808Z" },
    { url = "https://files.pythonhosted.org/packages/eb/ae/ad6645abc7a3510fe48e8ea1ab4598166f500057ef4ebf38bfad4f1577de/numpy-2.5.2-cp313-cp313-win32.whl", hash = "sha256:4f9744f9fbdcea0bc552e8f19e1f141f811a3f9bc2be2cc6e86d982cab23e3f4", size = 6070204, upload-time = "2026-08-09T13:45:54.111Z" },
    { url = "https://files.pythonhosted.org/packages/15/20/f3489f86d81ea460b2bcdceaed094142ca6579f6be0ec527b781d39afe68/numpy-2.5.2-cp313-cp313-win_amd64.whl", hash = "sha256:85aaccb24182c25df891ad0ec333585967e115269d5f1b17f2c9ae005bc96657", size = 12460532, upload-time = "2026-08-09T13:45:57.167Z" },
    { url = "https://files.pythonhosted.org/packages/d5/21/35b31dde1b283b79de828b80f876afd8c94e28fe1e9c375f89e261cc4c0d/numpy-2.5.2-cp313-cp313-win_arm64.whl", hash = "sha256:bd68ece1553d2023c09a4226d9e41c586ad2d20594d1a456186c33513d2cb3f2", size = 10396725, upload-time = "2026-08-09T13:46:00.478Z" },
]

[[package]]
name = "platformdirs"
version = "4.11.4"
source = { registry = "https://pypi.org/simple" }
sdist = { url = "https://files.pythonhosted.org/packages/50/bb/ebc6636e1ae41314f796ebb7215fd28febb45f9aac72f2b04cb74b5071dc/platformdirs-4.11.4.tar.gz", hash = "sha256:f3373be828247211d0febabea97e238c3dfde8a60b3c90c32756fb52cb21556d", size = 34079, upload-time = "2026-08-24T14:53:49.676Z" }
wheels = [
    { url = "https://files.pythonhosted.org/packages/28/be/0ff05fcd2938fb58ad9219bd54135968342d214737e012d62d43f06a2dd6/platformdirs-4.11.4-py3-none-any.whl", hash = "sha256:e34ff91a24bcddc6d939b878bdf3f5c437c9c46fe9e212b1bf455fdf1ee57586", size = 23741, upload-time = "2026-08-24T14:53:48.406Z" },
]

[[package]]
name = "pycairo"
version = "1.29.1"
source = { registry = "https://pypi.org/simple" }
sdist = { url = "https://files.pythonhosted.org/packages/26/7c/ab4637b028d9ee12280ab9342f28310e613d5ca30c4d72d2aebeaa6a4969/pycairo-1.29.1.tar.gz", hash = "sha256:4fbd26b4af24c9787d84cf5448e34eb8dca064b732479aaecd03109520eebd5f", size = 666272, upload-time = "2026-08-07T08:45:50.095Z" }
wheels = [
    { url = "https://files.pythonhosted.org/packages/95/7d/26191cac03e8c0d957856839736ee9fb45c6d4ae68c30393895558f1f7ad/pycairo-1.29.1-cp313-cp313-win32.whl", hash = "sha256:4506a15f0dcd9d65b2706f417f8e5633e1456867d5cf272dc69c0b48e2302842", size = 750753, upload-time = "2026-08-07T08:46:17.523Z" },
    { url = "https://files.pythonhosted.org/packages/81/ba/3499ae0f6f8be6d55ef5db620a60693b4ef925b710890bf66c17aeff036e/pycairo-1.29.1-cp313-cp313-win_amd64.whl", hash = "sha256:859f5f29d7c30fc28dbc5ce91eb30a45e0b7e447a7bd738c231dd7f9be368d1a", size = 844528, upload-time = "2026-08-07T08:46:19.1Z" },
    { url = "https://files.pythonhosted.org/packages/91/c1/f83f25aab64418d4de6527cbf951988fc9449020e416113e3a7a4ad7e7b8/pycairo-1.29.1-cp313-cp313-win_arm64.whl", hash = "sha256:0c6159117680798da1457404b648e69b0a0eb23597b22f8a97315eaeea19f917", size = 693588, upload-time = "2026-08-07T08:46:21.087Z" },
]

[[package]]
name = "pydantic"
version = "2.13.4"
source = { registry = "https://pypi.org/simple" }
dependencies = [
    { name = "annotated-types" },
    { name = "pydantic-core" },
    { name = "typing-extensions" },
    { name = "typing-inspection" },
]
sdist = { url = "https://files.pythonhosted.org/packages/18/a5/b60d21ac674192f8ab0ba4e9fd860690f9b4a6e51ca5df118733b487d8d6/pydantic-2.13.4.tar.gz", hash = "sha256:c40756b57adaa8b1efeeced5c196f3f3b7c435f90e84ea7f443901bec8099ef6", size = 844775, upload-time = "2026-05-06T13:43:05.343Z" }
wheels = [
    { url = "https://files.pythonhosted.org/packages/fd/7b/122376b1fd3c62c1ed9dc80c931ace4844b3c55407b6fb2d199377c9736f/pydantic-2.13.4-py3-none-any.whl", hash = "sha256:45a282cde31d808236fd7ea9d919b128653c8b38b393d1c4ab335c62924d9aba", size = 472262, upload-time = "2026-05-06T13:43:02.641Z" },
]

[[package]]
name = "pydantic-core"
version = "2.46.4"
source = { registry = "https://pypi.org/simple" }
dependencies = [
    { name = "typing-extensions" },
]
sdist = { url = "https://files.pythonhosted.org/packages/9d/56/921726b776ace8d8f5db44c4ef961006580d91dc52b803c489fafd1aa249/pydantic_core-2.46.4.tar.gz", hash = "sha256:62f875393d7f270851f20523dd2e29f082bcc82292d66db2b64ea71f64b6e1c1", size = 471464, upload-time = "2026-05-06T13:37:06.98Z" }
wheels = [
    { url = "https://files.pythonhosted.org/packages/51/a2/5d30b469c5267a17b39dec53208222f76a8d351dfac4af661888c5aee77d/pydantic_core-2.46.4-cp313-cp313-macosx_10_12_x86_64.whl", hash = "sha256:5d5902252db0d3cedf8d4a1bc68f70eeb430f7e4c7104c8c476753519b423008", size = 2106306, upload-time = "2026-05-06T13:37:48.029Z" },
    { url = "https://files.pythonhosted.org/packages/c1/81/4fa520eaffa8bd7d1525e644cd6d39e7d60b1592bc5b516693c7340b50f1/pydantic_core-2.46.4-cp313-cp313-macosx_11_0_arm64.whl", hash = "sha256:c94f0688e7b8d0a67abf40e57a7eaaecd17cc9586706a31b76c031f63df052b4", size = 1951906, upload-time = "2026-05-06T13:37:17.012Z" },
    { url = "https://files.pythonhosted.org/packages/03/d5/fd02da45b659668b05923b17ba3a0100a0a3d5541e3bd8fcc4ecb711309e/pydantic_core-2.46.4-cp313-cp313-manylinux_2_17_aarch64.manylinux2014_aarch64.whl", hash = "sha256:f027324c56cd5406ca49c124b0db10e56c69064fec039acc571c29020cc87c76", size = 1976802, upload-time = "2026-05-06T13:37:35.113Z" },
    { url = "https://files.pythonhosted.org/packages/21/f2/95727e1368be3d3ed485eaab7adbd7dda408f33f7a36e8b48e0144002b91/pydantic_core-2.46.4-cp313-cp313-manylinux_2_17_armv7l.manylinux2014_armv7l.whl", hash = "sha256:e739fee756ba1010f8bcccb534252e85a35fe45ae92c295a06059ce58b74ccd3", size = 2052446, upload-time = "2026-05-06T13:37:12.313Z" },
    { url = "https://files.pythonhosted.org/packages/9c/86/5d99feea3f77c7234b8718075b23db11532773c1a0dbd9b9490215dc2eeb/pydantic_core-2.46.4-cp313-cp313-manylinux_2_17_ppc64le.manylinux2014_ppc64le.whl", hash = "sha256:9d56801be94b86a9da183e5f3766e6310752b99ff647e38b09a9500d88e46e76", size = 2232757, upload-time = "2026-05-06T13:39:01.149Z" },
    { url = "https://files.pythonhosted.org/packages/d2/3a/508ac615935ef7588cf6d9e9b91309fdc2da751af865e02a9098de88258c/pydantic_core-2.46.4-cp313-cp313-manylinux_2_17_s390x.manylinux2014_s390x.whl", hash = "sha256:2412e734dcb48da14d4e4006b82b46b74f2518b8a26ee7e58c6844a6cd6d03c4", size = 2309275, upload-time = "2026-05-06T13:37:41.406Z" },
    { url = "https://files.pythonhosted.org/packages/07/f8/41db9de19d7987d6b04715a02b3b40aea467000275d9d758ffaa31af7d50/pydantic_core-2.46.4-cp313-cp313-manylinux_2_17_x86_64.manylinux2014_x86_64.whl", hash = "sha256:9551187363ffc0de2a00b2e47c25aeaeb1020b69b668762966df15fc5659dd5a", size = 2094467, upload-time = "2026-05-06T13:39:18.847Z" },
    { url = "https://files.pythonhosted.org/packages/2c/e2/f35033184cb11d0052daf4416e8e10a502ea2ac006fc4f459aee872727d1/pydantic_core-2.46.4-cp313-cp313-manylinux_2_31_riscv64.whl", hash = "sha256:0186750b482eefa11d7f435892b09c5c606193ef3375bcf94aa00ae6bfb66262", size = 2134417, upload-time = "2026-05-06T13:40:17.944Z" },
    { url = "https://files.pythonhosted.org/packages/7e/7b/6ceeb1cc90e193862f444ebe373d8fdf613f0a82572dde03fb10734c6c71/pydantic_core-2.46.4-cp313-cp313-manylinux_2_5_i686.manylinux1_i686.whl", hash = "sha256:5855698a4856556d86e8e6cd8434bc3ac0314ee8e12089ae0e143f64c6256e4e", size = 2179782, upload-time = "2026-05-06T13:40:32.618Z" },
    { url = "https://files.pythonhosted.org/packages/5a/f2/c8d7773ede6af08036423a00ae0ceffce266c3c52a096c435d68c896083f/pydantic_core-2.46.4-cp313-cp313-musllinux_1_1_aarch64.whl", hash = "sha256:cbaf13819775b7f769bf4a1f066cb6df7a28d4480081a589828ef190226881cd", size = 2188782, upload-time = "2026-05-06T13:36:51.018Z" },
    { url = "https://files.pythonhosted.org/packages/59/31/0c864784e31f09f05cdd87606f08923b9c9e7f6e51dd27f20f62f975ce9f/pydantic_core-2.46.4-cp313-cp313-musllinux_1_1_armv7l.whl", hash = "sha256:633147d34cf4550417f12e2b1a0383973bdf5cdfde212cb09e9a581cf10820be", size = 2328334, upload-time = "2026-05-06T13:40:37.764Z" },
    { url = "https://files.pythonhosted.org/packages/c2/eb/4f6c8a41efa30baa755590f4141abf3a8c370fab610915733e74134a7270/pydantic_core-2.46.4-cp313-cp313-musllinux_1_1_x86_64.whl", hash = "sha256:82cf5301172168103724d49a1444d3378cb20cdee30b116a1bd6031236298a5d", size = 2372986, upload-time = "2026-05-06T13:39:34.152Z" },
    { url = "https://files.pythonhosted.org/packages/5b/24/b375a480d53113860c299764bfe9f349a3dc9108b3adc0d7f0d786492ebf/pydantic_core-2.46.4-cp313-cp313-win32.whl", hash = "sha256:9fa8ae11da9e2b3126c6426f147e0fba88d96d65921799bb30c6abd1cb2c97fb", size = 1973693, upload-time = "2026-05-06T13:37:55.072Z" },
    { url = "https://files.pythonhosted.org/packages/7e/e8/cff247591966f2d22ec8c003cd7587e27b7ba7b81ab2fb888e3ab75dc285/pydantic_core-2.46.4-cp313-cp313-win_amd64.whl", hash = "sha256:6b3ace8194b0e5204818c92802dcdca7fc6d88aabbb799d7c795540d9cd6d292", size = 2071819, upload-time = "2026-05-06T13:38:49.139Z" },
    { url = "https://files.pythonhosted.org/packages/c6/1a/f4aee670d5670e9e148e0c82c7db98d780be566c6e6a97ee8035528ca0b3/pydantic_core-2.46.4-cp313-cp313-win_arm64.whl", hash = "sha256:184c081504d17f1c1066e430e117142b2c77d9448a97f7b65c6ac9fd9aee238d", size = 2027411, upload-time = "2026-05-06T13:40:45.796Z" },
]

[[package]]
name = "pygments"
version = "2.21.0"
source = { registry = "https://pypi.org/simple" }
sdist = { url = "https://files.pythonhosted.org/packages/49/2e/ced460408999b33da6b31b0021b0f37d329e202d4169aeb164493778f25b/pygments-2.21.0.tar.gz", hash = "sha256:610ca751c9bc2492b38eb9a38a7fbc93edbbb2d7182edaf34e66ae493dee5c8c", size = 5005329, upload-time = "2026-08-17T08:02:48.824Z" }
wheels = [
    { url = "https://files.pythonhosted.org/packages/71/46/17f022dd3e953bf20a04a028a21ec746d942f8d2af30fa0f124fa0e6a684/pygments-2.21.0-py3-none-any.whl", hash = "sha256:2363c69b61c4a97c838da3b130dcd6468f4848992b21a82f2a63ec34377137d9", size = 1250147, upload-time = "2026-08-17T08:02:44.912Z" },
]

[[package]]
name = "pygobject"
version = "3.56.3"
source = { registry = "https://pypi.org/simple" }
dependencies = [
    { name = "pycairo" },
]
sdist = { url = "https://files.pythonhosted.org/packages/da/61/978c5fbca34f10a90df362502fbb5a005637909e7b5a0e9212349ea9d010/pygobject-3.56.3.tar.gz", hash = "sha256:12760e4a0e3d04b6eb95e06f7a27e362c826d567ea613373a92c003b6c70d2d6", size = 1411853, upload-time = "2026-05-08T20:46:39.904Z" }

[[package]]
name = "pykka"
version = "4.4.2"
source = { registry = "https://pypi.org/simple" }
sdist = { url = "https://files.pythonhosted.org/packages/9f/67/d5b45428fb3883165679495974a105405b7516e167a99e43497e1dcaa923/pykka-4.4.2.tar.gz", hash = "sha256:54fcfb9ed5ef92eb98bf9961cfdefbc73ddfbf24060e319d50fde6ec66d00d8a", size = 49255, upload-time = "2026-03-14T11:00:39.821Z" }
wheels = [
    { url = "https://files.pythonhosted.org/packages/7a/0e/cb601a439285015d4c4ea876b5dd75bb56a6ca9e833e10d34db3a27c7ac0/pykka-4.4.2-py3-none-any.whl", hash = "sha256:6eed37f34daac6649d84545d4cd53e7e1cb9fccc08f6a945dac39d8212b09e6d", size = 27404, upload-time = "2026-03-14T11:00:38.621Z" },
]

[[package]]
name = "python-mpd2"
version = "3.1.1"
source = { registry = "https://pypi.org/simple" }
sdist = { url = "https://files.pythonhosted.org/packages/53/be/e77206eb35eb37ccd3506fba237e1431431d04c482707730ce2a6802e95c/python-mpd2-3.1.1.tar.gz", hash = "sha256:4baec3584cc43ed9948d5559079fafc2679b06b2ade273e909b3582654b2b3f5", size = 58713, upload-time = "2024-01-13T11:47:42.032Z" }
wheels = [
    { url = "https://files.pythonhosted.org/packages/8e/6d/1b9e1c203057c9a7fa6971db3605188a8ef1120ca305e4878c960ab6e2d3/python_mpd2-3.1.1-py2.py3-none-any.whl", hash = "sha256:86bf1100a0b135959d74a9a7a58cf0515bf30bb54eb25ae6fb8e175e50300fc3", size = 35050, upload-time = "2024-01-13T11:47:40.013Z" },
]

[[package]]
name = "rclone-python"
version = "0.1.25"
source = { registry = "https://pypi.org/simple" }
dependencies = [
    { name = "rich" },
]
sdist = { url = "https://files.pythonhosted.org/packages/9a/c2/0a1083f121446a3b847263d23d02cd63ef88182d4883e98b48a31365131c/rclone_python-0.1.25.tar.gz", hash = "sha256:8f4ff961ccd51db5c5ab2cd528448f450ea2ba472b44f83346728e832bc15c4e", size = 24215, upload-time = "2026-07-18T22:20:32.49Z" }
wheels = [
    { url = "https://files.pythonhosted.org/packages/d3/81/cf1c32b9a040d73b859dd0ec96eb11186084cb8d7107eb31c94ee2a420f8/rclone_python-0.1.25-py3-none-any.whl", hash = "sha256:d0966d599adcff3574655eb71678db3625d00f92160ed6ba4291bd0f9d61175d", size = 15882, upload-time = "2026-07-18T22:20:31.566Z" },
]

[[package]]
name = "rich"
version = "15.0.0"
source = { registry = "https://pypi.org/simple" }
dependencies = [
    { name = "markdown-it-py" },
    { name = "pygments" },
]
sdist = { url = "https://files.pythonhosted.org/packages/c0/8f/0722ca900cc807c13a6a0c696dacf35430f72e0ec571c4275d2371fca3e9/rich-15.0.0.tar.gz", hash = "sha256:edd07a4824c6b40189fb7ac9bc4c52536e9780fbbfbddf6f1e2502c31b068c36", size = 230680, upload-time = "2026-04-12T08:24:00.75Z" }
wheels = [
    { url = "https://files.pythonhosted.org/packages/82/3b/64d4899d73f91ba49a8c18a8ff3f0ea8f1c1d75481760df8c68ef5235bf5/rich-15.0.0-py3-none-any.whl", hash = "sha256:33bd4ef74232fb73fe9279a257718407f169c09b78a87ad3d296f548e27de0bb", size = 310654, upload-time = "2026-04-12T08:24:02.83Z" },
]

[[package]]
name = "rich-rst"
version = "2.1.0"
source = { registry = "https://pypi.org/simple" }
dependencies = [
    { name = "pygments" },
    { name = "rich" },
]
sdist = { url = "https://files.pythonhosted.org/packages/e2/d6/d0b9fafc73b65767200da027acab1db1bdb1048f4fea5ebf659df01c700e/rich_rst-2.1.0.tar.gz", hash = "sha256:f4d117b49697f338769759fa5cacf5197da4888b347b9fda2e50aef5cd8d93bd", size = 302732, upload-time = "2026-07-05T02:59:44.308Z" }
wheels = [
    { url = "https://files.pythonhosted.org/packages/2a/68/1fc93dd759605b5d00fc98b50200739e41ed32bd22d6ba35ca6c3932371b/rich_rst-2.1.0-py3-none-any.whl", hash = "sha256:7ecd1343ee12c879d0e7ae74c3eb6d263b023d2929c6d114212eb1fd91057255", size = 272987, upload-time = "2026-07-05T02:59:42.792Z" },
]

[[package]]
name = "setuptools"
version = "84.0.0"
source = { registry = "https://pypi.org/simple" }
sdist = { url = "https://files.pythonhosted.org/packages/6d/44/f5da03a8ef95d369145c5bb53050e7877c9f3d312e128605fd9504829143/setuptools-84.0.0.tar.gz", hash = "sha256:f4695c21257f0d9b537ec2692c941d02ee143b7cc1276941349a546573b2ef73", size = 1168449, upload-time = "2026-08-08T18:27:58.365Z" }
wheels = [
    { url = "https://files.pythonhosted.org/packages/95/9c/c510029fc6ef33a6275cd2c5d3cecd6613dfd6aa401d57c54f1c18852ccf/setuptools-84.0.0-py3-none-any.whl", hash = "sha256:51a52592b3b99e102b609654876bd65f19f999935166d1352678931132b0c670", size = 818216, upload-time = "2026-08-08T18:27:56.719Z" },
]

[[package]]
name = "spidev"
version = "3.8"
source = { registry = "https://pypi.org/simple" }
sdist = { url = "https://files.pythonhosted.org/packages/67/87/039b6eeea781598015b538691bc174cc0bf77df9d4d2d3b8bf9245c0de8c/spidev-3.8.tar.gz", hash = "sha256:2bc02fb8c6312d519ebf1f4331067427c0921d3f77b8bcaf05189a2e8b8382c0", size = 13893, upload-time = "2025-09-15T18:56:20.672Z" }

[[package]]
name = "st7789"
version = "1.0.1"
source = { registry = "https://pypi.org/simple" }
dependencies = [
    { name = "gpiod" },
    { name = "gpiodevice" },
    { name = "numpy" },
    { name = "spidev" },
]
sdist = { url = "https://files.pythonhosted.org/packages/71/20/ed062044f737a8fe2aaef7815584a690c24d6af9a1385c0c9cd1298f5cf9/st7789-1.0.1.tar.gz", hash = "sha256:f204983d19d35e26650455ac7e29bd7b26d422d470f093994403f6df8ecddc1b", size = 1141161, upload-time = "2024-06-17T12:50:46.805Z" }
wheels = [
    { url = "https://files.pythonhosted.org/packages/e3/dd/4fe563f2a757425a3460eee92f9a19ba893ed90f9d85f1be3d7dc91df305/st7789-1.0.1-py3-none-any.whl", hash = "sha256:816ee227984b2f5b4647f7c4ab241c57b495d1502e27a8127f27388d5e8f861f", size = 10593, upload-time = "2024-06-17T12:50:44.696Z" },
]

[[package]]
name = "tornado"
version = "6.5.8"
source = { registry = "https://pypi.org/simple" }
sdist = { url = "https://files.pythonhosted.org/packages/10/d3/343e5bb989d6515b1646cf3d40135d73f3d5e45339bded401b56cdac24dd/tornado-6.5.8.tar.gz", hash = "sha256:9452e1b208a8bd771e2cb1f2ff564985b9b214bdebbe622793e1799e0a6bd23f", size = 520493, upload-time = "2026-08-07T02:12:42.971Z" }
wheels = [
    { url = "https://files.pythonhosted.org/packages/f2/d5/007086fd8df5489338e204f65adce33fd4f21a4999dbb2b9cff2f897b5f4/tornado-6.5.8-cp39-abi3-macosx_10_9_universal2.whl", hash = "sha256:cc6aa787d7cfab7c3d35189dc7a56fbd2399a569624c730c6b55b3d6531d0403", size = 449487, upload-time = "2026-08-07T02:12:28.682Z" },
    { url = "https://files.pythonhosted.org/packages/70/c8/5a24a99495903f594f6a199dd7beead1cbc0a13e2cb9102727bcaaf2a997/tornado-6.5.8-cp39-abi3-macosx_10_9_x86_64.whl", hash = "sha256:9715b5eb79735b2bcd454ce216a9275b7c0470e64ea1bf5742f78b2f72b26eeb", size = 447649, upload-time = "2026-08-07T02:12:30.306Z" },
    { url = "https://files.pythonhosted.org/packages/6e/de/f2e733f386b85962d1b1dc82cd63d169b5b4580062b35397eac9244a41fe/tornado-6.5.8-cp39-abi3-manylinux1_x86_64.manylinux_2_28_x86_64.manylinux_2_5_x86_64.whl", hash = "sha256:547d63f450d570c14fe0e8db2cfb14c9bbd1c2503b4a6612586267955aa47b58", size = 450707, upload-time = "2026-08-07T02:12:31.95Z" },
    { url = "https://files.pythonhosted.org/packages/0b/94/20efeee9a01c141e9ac47c397f81679dfda24b32768fc4fff24e76d36c2c/tornado-6.5.8-cp39-abi3-manylinux2014_aarch64.manylinux_2_17_aarch64.manylinux_2_28_aarch64.whl", hash = "sha256:7e2360a0ffbe145eca8af0b19cb7203d79b1a98dd4cccdd6b368f6f49c2e3808", size = 451677, upload-time = "2026-08-07T02:12:33.512Z" },
    { url = "https://files.pythonhosted.org/packages/42/ec/a96ccb8ccf0de2b7bc2c5fa1608a4803735018242e90c4882365a9fd418f/tornado-6.5.8-cp39-abi3-musllinux_1_2_aarch64.whl", hash = "sha256:5d242290bdf7ab3151bc1065fdd75c0dcc21cbc7b49f22a4c56329c2d6566d22", size = 451510, upload-time = "2026-08-07T02:12:35.346Z" },
    { url = "https://files.pythonhosted.org/packages/29/b5/93185859245ad3f00e62175f29607346788b696369347f0146e0421286bb/tornado-6.5.8-cp39-abi3-musllinux_1_2_x86_64.whl", hash = "sha256:7b94ff0e128fe0542f3bd331fb44d06260fc4ac16881545159f34ef08aad4195", size = 450917, upload-time = "2026-08-07T02:12:36.963Z" },
    { url = "https://files.pythonhosted.org/packages/97/cf/fe33cf062834487d34d1559746a4a12521033c22645b6d74d4bca702e018/tornado-6.5.8-cp39-abi3-win32.whl", hash = "sha256:67832909c4779c64942380cb5f044a5c6163d00831472d80e25e115de9917836", size = 451952, upload-time = "2026-08-07T02:12:38.512Z" },
    { url = "https://files.pythonhosted.org/packages/cb/e1/468ad54333e92ccb62627e62cb88e5fc14a2171daa67ed47b1b8542d5b86/tornado-6.5.8-cp39-abi3-win_amd64.whl", hash = "sha256:11881db6b7c168494be2c2d12e65931451bdf7ee718535418ae1d8855dd5a0ee", size = 452391, upload-time = "2026-08-07T02:12:39.971Z" },
    { url = "https://files.pythonhosted.org/packages/ad/3e/cd5e4f06e34cde33b8ef66cf36aa2b5ad46354cc1af7d2136bbe365fee1d/tornado-6.5.8-cp39-abi3-win_arm64.whl", hash = "sha256:68a7468c7e289f8514d7d664101753903217eff1bb6822c6b5994a0b5f5bcb26", size = 451411, upload-time = "2026-08-07T02:12:41.469Z" },
]

[[package]]
name = "typing-extensions"
version = "4.16.0"
source = { registry = "https://pypi.org/simple" }
sdist = { url = "https://files.pythonhosted.org/packages/f6/cc/6253133b5bb138fc3306cebfbda2c520f545d36b5be2c7255cc528bb45d6/typing_extensions-4.16.0.tar.gz", hash = "sha256:dc983d19a509c94dba722ee6abd33940f7c05a89e243c47e907eb4db6f1a43e5", size = 113555, upload-time = "2026-07-02T08:40:05.92Z" }
wheels = [
    { url = "https://files.pythonhosted.org/packages/49/d3/b8441a820a491ddfc024b0b0cf0393375b75ea13866d9c66727e54c2fc80/typing_extensions-4.16.0-py3-none-any.whl", hash = "sha256:481caa481374e813c1b176ada14e97f1f67a4539ce9cfeb3f350d78d6370c2e8", size = 45571, upload-time = "2026-07-02T08:40:04.659Z" },
]

[[package]]
name = "typing-inspection"
version = "0.4.4"
source = { registry = "https://pypi.org/simple" }
dependencies = [
    { name = "typing-extensions" },
]
sdist = { url = "https://files.pythonhosted.org/packages/a3/26/b09b8010994eccc3c09092e6b34058f36a460eea2d4c3e8b910c695975a0/typing_inspection-0.4.4.tar.gz", hash = "sha256:547274fa6b0a561ccf549cc9524b999a578e737d015d8709d021f9d0d13bea47", size = 76928, upload-time = "2026-08-12T12:37:25.997Z" }
wheels = [
    { url = "https://files.pythonhosted.org/packages/67/81/4add07e5172b7ac40d8ed5ff580409a7801a4fe26d529bdd915401dabfbe/typing_inspection-0.4.4-py3-none-any.whl", hash = "sha256:65b8397ba37ccbce054456aaccddfc91e6e3083c92824df348d96ca832f3f147", size = 14750, upload-time = "2026-08-12T12:37:24.648Z" },
]

[[package]]
name = "uritools"
version = "6.1.3"
source = { registry = "https://pypi.org/simple" }
sdist = { url = "https://files.pythonhosted.org/packages/a3/0d/20d02264b6682f07e92cbf7ee43e5e803670d101a03ef204ba18368c321f/uritools-6.1.3.tar.gz", hash = "sha256:3a498e7e85ef3249343d5710618d641a414da0fbae6d23053ada7976ee83ea5f", size = 23909, upload-time = "2026-07-23T23:17:44.612Z" }
wheels = [
    { url = "https://files.pythonhosted.org/packages/ac/76/e9bb35862bcc5b82218d2c017b1eacdcfeb3ba46ce0c0ca8ffc4db80ddbe/uritools-6.1.3-py3-none-any.whl", hash = "sha256:136f113e76e53f85bf2d9cce0c3d40ceec775d0409e7d6de9b28f046a7d42838", size = 11981, upload-time = "2026-07-23T23:17:43.275Z" },
]
